
Microsoft Visual Studio Solution File, Format Version 12.00
# Visual Studio Version 17
VisualStudioVersion = 17.4.33205.214
MinimumVisualStudioVersion = 10.0.40219.1
Project("{9A19103F-16F7-4668-BE54-9A1E7A4F7556}") = "LoginComSQLServer", "LoginComSQLServer.csproj", "{4DD84D15-90E6-4498-9C3B-08FFAEBCDFD0}"
EndProject
Global
	GlobalSection(SolutionConfigurationPlatforms) = preSolution
		Debug|Any CPU = Debug|Any CPU
		Release|Any CPU = Release|Any CPU
	EndGlobalSection
	GlobalSection(ProjectConfigurationPlatforms) = postSolution
		{4DD84D15-90E6-4498-9C3B-08FFAEBCDFD0}.Debug|Any CPU.ActiveCfg = Debug|Any CPU
		{4DD84D15-90E6-4498-9C3B-08FFAEBCDFD0}.Debug|Any CPU.Build.0 = Debug|Any CPU
		{4DD84D15-90E6-4498-9C3B-08FFAEBCDFD0}.Release|Any CPU.ActiveCfg = Release|Any CPU
		{4DD84D15-90E6-4498-9C3B-08FFAEBCDFD0}.Release|Any CPU.Build.0 = Release|Any CPU
	EndGlobalSection
	GlobalSection(SolutionProperties) = preSolution
		HideSolutionNode = FALSE
	EndGlobalSection
	GlobalSection(ExtensibilityGlobals) = postSolution
		SolutionGuid = {D737AB6E-3A9A-407A-B09C-D3C3CBC06E56}
	EndGlobalSection
EndGlobal
